# This file is automatically @generated by Cargo.
# It is not intended for manual editing.
version = 3

[[package]]
name = "is_odd"
version = "0.1.0"
source = "git+https://github.com/wfly1998/vendor-issue-reproduce-crate.git?branch=main#08750cf3becc9e33544d9c5e3a90786e9a142978"

[[package]]
name = "vendor-issue-reproduce"
version = "0.1.0"
dependencies = [
 "is_odd",
]
